
Microsoft Visual Studio Solution File, Format Version 12.00
# Visual Studio Version 17
VisualStudioVersion = 17.1.32228.430
MinimumVisualStudioVersion = 10.0.40219.1
Project("{9A19103F-16F7-4668-BE54-9A1E7A4F7556}") = "SmartTraffic", "SmartTraffic\SmartTraffic.csproj", "{9380C185-53F6-47F5-9ED2-22F16E49B7B5}"
EndProject
Project("{FAE04EC0-301F-11D3-BF4B-00C04F79EFBC}") = "SmartTraffic.DAL", "SmartTraffic.DAL\SmartTraffic.DAL.csproj", "{31E62C96-2B9E-4430-84F6-50D32A805520}"
EndProject
Global
	GlobalSection(SolutionConfigurationPlatforms) = preSolution
		Debug|Any CPU = Debug|Any CPU
		Release|Any CPU = Release|Any CPU
	EndGlobalSection
	GlobalSection(ProjectConfigurationPlatforms) = postSolution
		{9380C185-53F6-47F5-9ED2-22F16E49B7B5}.Debug|Any CPU.ActiveCfg = Debug|Any CPU
		{9380C185-53F6-47F5-9ED2-22F16E49B7B5}.Debug|Any CPU.Build.0 = Debug|Any CPU
		{9380C185-53F6-47F5-9ED2-22F16E49B7B5}.Release|Any CPU.ActiveCfg = Release|Any CPU
		{9380C185-53F6-47F5-9ED2-22F16E49B7B5}.Release|Any CPU.Build.0 = Release|Any CPU
		{31E62C96-2B9E-4430-84F6-50D32A805520}.Debug|Any CPU.ActiveCfg = Debug|Any CPU
		{31E62C96-2B9E-4430-84F6-50D32A805520}.Debug|Any CPU.Build.0 = Debug|Any CPU
		{31E62C96-2B9E-4430-84F6-50D32A805520}.Release|Any CPU.ActiveCfg = Release|Any CPU
		{31E62C96-2B9E-4430-84F6-50D32A805520}.Release|Any CPU.Build.0 = Release|Any CPU
	EndGlobalSection
	GlobalSection(SolutionProperties) = preSolution
		HideSolutionNode = FALSE
	EndGlobalSection
	GlobalSection(ExtensibilityGlobals) = postSolution
		SolutionGuid = {D3B6FB19-23DB-4797-8958-8A65D9C28C7D}
	EndGlobalSection
EndGlobal
